
Microsoft Visual Studio Solution File, Format Version 12.00
# Visual Studio Version 16
VisualStudioVersion = 16.0.29519.181
MinimumVisualStudioVersion = 10.0.40219.1
Project("{9A19103F-16F7-4668-BE54-9A1E7A4F7556}") = "MyBankIdentity", "MyBankIdentity\MyBankIdentity.csproj", "{64E6506A-2758-48F7-82E2-BA02FFB9791A}"
EndProject
Project("{9A19103F-16F7-4668-BE54-9A1E7A4F7556}") = "IdentityTestProject", "IdentityTestProject\IdentityTestProject.csproj", "{28FCC9BA-2DFE-4797-BD23-C9552FD3C6DE}"
EndProject
Global
	GlobalSection(SolutionConfigurationPlatforms) = preSolution
		Debug|Any CPU = Debug|Any CPU
		Release|Any CPU = Release|Any CPU
	EndGlobalSection
	GlobalSection(ProjectConfigurationPlatforms) = postSolution
		{64E6506A-2758-48F7-82E2-BA02FFB9791A}.Debug|Any CPU.ActiveCfg = Debug|Any CPU
		{64E6506A-2758-48F7-82E2-BA02FFB9791A}.Debug|Any CPU.Build.0 = Debug|Any CPU
		{64E6506A-2758-48F7-82E2-BA02FFB9791A}.Release|Any CPU.ActiveCfg = Release|Any CPU
		{64E6506A-2758-48F7-82E2-BA02FFB9791A}.Release|Any CPU.Build.0 = Release|Any CPU
		{28FCC9BA-2DFE-4797-BD23-C9552FD3C6DE}.Debug|Any CPU.ActiveCfg = Debug|Any CPU
		{28FCC9BA-2DFE-4797-BD23-C9552FD3C6DE}.Debug|Any CPU.Build.0 = Debug|Any CPU
		{28FCC9BA-2DFE-4797-BD23-C9552FD3C6DE}.Release|Any CPU.ActiveCfg = Release|Any CPU
		{28FCC9BA-2DFE-4797-BD23-C9552FD3C6DE}.Release|Any CPU.Build.0 = Release|Any CPU
	EndGlobalSection
	GlobalSection(SolutionProperties) = preSolution
		HideSolutionNode = FALSE
	EndGlobalSection
	GlobalSection(ExtensibilityGlobals) = postSolution
		SolutionGuid = {D7C29427-FCEA-407B-9845-41CB2FB42D18}
	EndGlobalSection
EndGlobal
